
Microsoft Visual Studio Solution File, Format Version 12.00
# Visual Studio Version 17
VisualStudioVersion = 17.11.35327.3
MinimumVisualStudioVersion = 10.0.40219.1
Project("{9A19103F-16F7-4668-BE54-9A1E7A4F7556}") = "Lutra3D.Protogen.Control", "Lutra3D.Protogen.Control\Lutra3D.Protogen.Control.csproj", "{DD4E0F54-0DE3-4CDC-938D-F7826ACFACFD}"
EndProject
Project("{2150E333-8FDC-42A3-9474-1A3956D46DE8}") = "Libraries", "Libraries", "{8EB6FFEA-4F8B-4B19-9732-EA4337D62C9C}"
EndProject
Project("{9A19103F-16F7-4668-BE54-9A1E7A4F7556}") = "RPiRgbLEDMatrix", "Libraries\rpi-rgb-led-matrix\bindings\c#\RPiRgbLEDMatrix.csproj", "{983B9AED-4923-480E-9231-B552EA726983}"
EndProject
Global
	GlobalSection(SolutionConfigurationPlatforms) = preSolution
		Debug|Any CPU = Debug|Any CPU
		Release|Any CPU = Release|Any CPU
	EndGlobalSection
	GlobalSection(ProjectConfigurationPlatforms) = postSolution
		{DD4E0F54-0DE3-4CDC-938D-F7826ACFACFD}.Debug|Any CPU.ActiveCfg = Debug|Any CPU
		{DD4E0F54-0DE3-4CDC-938D-F7826ACFACFD}.Debug|Any CPU.Build.0 = Debug|Any CPU
		{DD4E0F54-0DE3-4CDC-938D-F7826ACFACFD}.Release|Any CPU.ActiveCfg = Release|Any CPU
		{DD4E0F54-0DE3-4CDC-938D-F7826ACFACFD}.Release|Any CPU.Build.0 = Release|Any CPU
		{983B9AED-4923-480E-9231-B552EA726983}.Debug|Any CPU.ActiveCfg = Debug|Any CPU
		{983B9AED-4923-480E-9231-B552EA726983}.Debug|Any CPU.Build.0 = Debug|Any CPU
		{983B9AED-4923-480E-9231-B552EA726983}.Release|Any CPU.ActiveCfg = Release|Any CPU
		{983B9AED-4923-480E-9231-B552EA726983}.Release|Any CPU.Build.0 = Release|Any CPU
	EndGlobalSection
	GlobalSection(SolutionProperties) = preSolution
		HideSolutionNode = FALSE
	EndGlobalSection
	GlobalSection(NestedProjects) = preSolution
		{983B9AED-4923-480E-9231-B552EA726983} = {8EB6FFEA-4F8B-4B19-9732-EA4337D62C9C}
	EndGlobalSection
	GlobalSection(ExtensibilityGlobals) = postSolution
		SolutionGuid = {09946467-85F2-410E-ADCD-A33FD99B8B6C}
	EndGlobalSection
EndGlobal
